
Microsoft Visual Studio Solution File, Format Version 12.00
# Visual Studio Version 17
VisualStudioVersion = 17.5.33530.505
MinimumVisualStudioVersion = 10.0.40219.1
Project("{FAE04EC0-301F-11D3-BF4B-00C04F79EFBC}") = "MVC_CRUD_OPERATION", "MVC_CRUD_OPERATION\MVC_CRUD_OPERATION.csproj", "{7A651417-1917-4C4B-A83B-99C3F24DB8B7}"
EndProject
Global
	GlobalSection(SolutionConfigurationPlatforms) = preSolution
		Debug|Any CPU = Debug|Any CPU
		Release|Any CPU = Release|Any CPU
	EndGlobalSection
	GlobalSection(ProjectConfigurationPlatforms) = postSolution
		{7A651417-1917-4C4B-A83B-99C3F24DB8B7}.Debug|Any CPU.ActiveCfg = Debug|Any CPU
		{7A651417-1917-4C4B-A83B-99C3F24DB8B7}.Debug|Any CPU.Build.0 = Debug|Any CPU
		{7A651417-1917-4C4B-A83B-99C3F24DB8B7}.Release|Any CPU.ActiveCfg = Release|Any CPU
		{7A651417-1917-4C4B-A83B-99C3F24DB8B7}.Release|Any CPU.Build.0 = Release|Any CPU
	EndGlobalSection
	GlobalSection(SolutionProperties) = preSolution
		HideSolutionNode = FALSE
	EndGlobalSection
	GlobalSection(ExtensibilityGlobals) = postSolution
		SolutionGuid = {26F0990D-4B31-4899-82E9-F3893A9312FF}
	EndGlobalSection
EndGlobal
